// !$*UTF8*$!
{
	archiveVersion = 1;
	classes = {
	};
	objectVersion = 50;
	objects = {

/* Begin PBXBuildFile section */
		230177B82221F3010073EC00 /* SettingsController.swift in Sources */ = {isa = PBXBuildFile; fileRef = 230177B72221F3010073EC00 /* SettingsController.swift */; };
		2329868221C1DB7600BBF93D /* AppDelegate.swift in Sources */ = {isa = PBXBuildFile; fileRef = 2329868121C1DB7600BBF93D /* AppDelegate.swift */; };
		2329868721C1DB7600BBF93D /* Main.storyboard in Resources */ = {isa = PBXBuildFile; fileRef = 2329868521C1DB7600BBF93D /* Main.storyboard */; };
		2329868921C1DB7700BBF93D /* Assets.xcassets in Resources */ = {isa = PBXBuildFile; fileRef = 2329868821C1DB7700BBF93D /* Assets.xcassets */; };
		2329868C21C1DB7700BBF93D /* LaunchScreen.storyboard in Resources */ = {isa = PBXBuildFile; fileRef = 2329868A21C1DB7700BBF93D /* LaunchScreen.storyboard */; };
		2329869821C1DBAE00BBF93D /* ContainerController.swift in Sources */ = {isa = PBXBuildFile; fileRef = 2329869721C1DBAE00BBF93D /* ContainerController.swift */; };
		2329869A21C1DBB700BBF93D /* HomeController.swift in Sources */ = {isa = PBXBuildFile; fileRef = 2329869921C1DBB700BBF93D /* HomeController.swift */; };
		2329869C21C1DBBF00BBF93D /* MenuController.swift in Sources */ = {isa = PBXBuildFile; fileRef = 2329869B21C1DBBF00BBF93D /* MenuController.swift */; };
		2329869E21C1DF0900BBF93D /* Protocols.swift in Sources */ = {isa = PBXBuildFile; fileRef = 2329869D21C1DF0900BBF93D /* Protocols.swift */; };
		232986A021C1E64800BBF93D /* MenuOptionCell.swift in Sources */ = {isa = PBXBuildFile; fileRef = 2329869F21C1E64800BBF93D /* MenuOptionCell.swift */; };
		232986A621C1EF1C00BBF93D /* MenuOption.swift in Sources */ = {isa = PBXBuildFile; fileRef = 232986A521C1EF1C00BBF93D /* MenuOption.swift */; };
/* End PBXBuildFile section */

/* Begin PBXFileReference section */
		230177B72221F3010073EC00 /* SettingsController.swift */ = {isa = PBXFileReference; lastKnownFileType = sourcecode.swift; path = SettingsController.swift; sourceTree = "<group>"; };
		2329867E21C1DB7600BBF93D /* SideMenuTutorial.app */ = {isa = PBXFileReference; explicitFileType = wrapper.application; includeInIndex = 0; path = SideMenuTutorial.app; sourceTree = BUILT_PRODUCTS_DIR; };
		2329868121C1DB7600BBF93D /* AppDelegate.swift */ = {isa = PBXFileReference; lastKnownFileType = sourcecode.swift; path = AppDelegate.swift; sourceTree = "<group>"; };
		2329868621C1DB7600BBF93D /* Base */ = {isa = PBXFileReference; lastKnownFileType = file.storyboard; name = Base; path = Base.lproj/Main.storyboard; sourceTree = "<group>"; };
		2329868821C1DB7700BBF93D /* Assets.xcassets */ = {isa = PBXFileReference; lastKnownFileType = folder.assetcatalog; path = Assets.xcassets; sourceTree = "<group>"; };
		2329868B21C1DB7700BBF93D /* Base */ = {isa = PBXFileReference; lastKnownFileType = file.storyboard; name = Base; path = Base.lproj/LaunchScreen.storyboard; sourceTree = "<group>"; };
		2329868D21C1DB7700BBF93D /* Info.plist */ = {isa = PBXFileReference; lastKnownFileType = text.plist.xml; path = Info.plist; sourceTree = "<group>"; };
		2329869721C1DBAE00BBF93D /* ContainerController.swift */ = {isa = PBXFileReference; lastKnownFileType = sourcecode.swift; path = ContainerController.swift; sourceTree = "<group>"; };
		2329869921C1DBB700BBF93D /* HomeController.swift */ = {isa = PBXFileReference; lastKnownFileType = sourcecode.swift; path = HomeController.swift; sourceTree = "<group>"; };
		2329869B21C1DBBF00BBF93D /* MenuController.swift */ = {isa = PBXFileReference; lastKnownFileType = sourcecode.swift; path = MenuController.swift; sourceTree = "<group>"; };
		2329869D21C1DF0900BBF93D /* Protocols.swift */ = {isa = PBXFileReference; lastKnownFileType = sourcecode.swift; path = Protocols.swift; sourceTree = "<group>"; };
		2329869F21C1E64800BBF93D /* MenuOptionCell.swift */ = {isa = PBXFileReference; lastKnownFileType = sourcecode.swift; path = MenuOptionCell.swift; sourceTree = "<group>"; };
		232986A521C1EF1C00BBF93D /* MenuOption.swift */ = {isa = PBXFileReference; lastKnownFileType = sourcecode.swift; path = MenuOption.swift; sourceTree = "<group>"; };
/* End PBXFileReference section */

/* Begin PBXFrameworksBuildPhase section */
		2329867B21C1DB7600BBF93D /* Frameworks */ = {
			isa = PBXFrameworksBuildPhase;
			buildActionMask = 2147483647;
			files = (
			);
			runOnlyForDeploymentPostprocessing = 0;
		};
/* End PBXFrameworksBuildPhase section */

/* Begin PBXGroup section */
		2329867521C1DB7600BBF93D = {
			isa = PBXGroup;
			children = (
				2329868021C1DB7600BBF93D /* SideMenuTutorial */,
				2329867F21C1DB7600BBF93D /* Products */,
			);
			sourceTree = "<group>";
		};
		2329867F21C1DB7600BBF93D /* Products */ = {
			isa = PBXGroup;
			children = (
				2329867E21C1DB7600BBF93D /* SideMenuTutorial.app */,
			);
			name = Products;
			sourceTree = "<group>";
		};
		2329868021C1DB7600BBF93D /* SideMenuTutorial */ = {
			isa = PBXGroup;
			children = (
				2329869621C1DB8C00BBF93D /* Utils */,
				2329869521C1DB8900BBF93D /* Model */,
				2329869421C1DB8700BBF93D /* View */,
				2329869321C1DB8400BBF93D /* Controller */,
				2329868121C1DB7600BBF93D /* AppDelegate.swift */,
				2329868521C1DB7600BBF93D /* Main.storyboard */,
				2329868821C1DB7700BBF93D /* Assets.xcassets */,
				2329868A21C1DB7700BBF93D /* LaunchScreen.storyboard */,
				2329868D21C1DB7700BBF93D /* Info.plist */,
			);
			path = SideMenuTutorial;
			sourceTree = "<group>";
		};
		2329869321C1DB8400BBF93D /* Controller */ = {
			isa = PBXGroup;
			children = (
				2329869721C1DBAE00BBF93D /* ContainerController.swift */,
				2329869921C1DBB700BBF93D /* HomeController.swift */,
				2329869B21C1DBBF00BBF93D /* MenuController.swift */,
				230177B72221F3010073EC00 /* SettingsController.swift */,
			);
			path = Controller;
			sourceTree = "<group>";
		};
		2329869421C1DB8700BBF93D /* View */ = {
			isa = PBXGroup;
			children = (
				2329869F21C1E64800BBF93D /* MenuOptionCell.swift */,
			);
			path = View;
			sourceTree = "<group>";
		};
		2329869521C1DB8900BBF93D /* Model */ = {
			isa = PBXGroup;
			children = (
				232986A521C1EF1C00BBF93D /* MenuOption.swift */,
			);
			path = Model;
			sourceTree = "<group>";
		};
		2329869621C1DB8C00BBF93D /* Utils */ = {
			isa = PBXGroup;
			children = (
				2329869D21C1DF0900BBF93D /* Protocols.swift */,
			);
			path = Utils;
			sourceTree = "<group>";
		};
/* End PBXGroup section */

/* Begin PBXNativeTarget section */
		2329867D21C1DB7600BBF93D /* SideMenuTutorial */ = {
			isa = PBXNativeTarget;
			buildConfigurationList = 2329869021C1DB7700BBF93D /* Build configuration list for PBXNativeTarget "SideMenuTutorial" */;
			buildPhases = (
				2329867A21C1DB7600BBF93D /* Sources */,
				2329867B21C1DB7600BBF93D /* Frameworks */,
				2329867C21C1DB7600BBF93D /* Resources */,
			);
			buildRules = (
			);
			dependencies = (
			);
			name = SideMenuTutorial;
			productName = SideMenuTutorial;
			productReference = 2329867E21C1DB7600BBF93D /* SideMenuTutorial.app */;
			productType = "com.apple.product-type.application";
		};
/* End PBXNativeTarget section */

/* Begin PBXProject section */
		2329867621C1DB7600BBF93D /* Project object */ = {
			isa = PBXProject;
			attributes = {
				LastSwiftUpdateCheck = 1000;
				LastUpgradeCheck = 1000;
				ORGANIZATIONNAME = "Stephan Dowless";
				TargetAttributes = {
					2329867D21C1DB7600BBF93D = {
						CreatedOnToolsVersion = 10.0;
					};
				};
			};
			buildConfigurationList = 2329867921C1DB7600BBF93D /* Build configuration list for PBXProject "SideMenuTutorial" */;
			compatibilityVersion = "Xcode 9.3";
			developmentRegion = en;
			hasScannedForEncodings = 0;
			knownRegions = (
				en,
				Base,
			);
			mainGroup = 2329867521C1DB7600BBF93D;
			productRefGroup = 2329867F21C1DB7600BBF93D /* Products */;
			projectDirPath = "";
			projectRoot = "";
			targets = (
				2329867D21C1DB7600BBF93D /* SideMenuTutorial */,
			);
		};
/* End PBXProject section */

/* Begin PBXResourcesBuildPhase section */
		2329867C21C1DB7600BBF93D /* Resources */ = {
			isa = PBXResourcesBuildPhase;
			buildActionMask = 2147483647;
			files = (
				2329868C21C1DB7700BBF93D /* LaunchScreen.storyboard in Resources */,
				2329868921C1DB7700BBF93D /* Assets.xcassets in Resources */,
				2329868721C1DB7600BBF93D /* Main.storyboard in Resources */,
			);
			runOnlyForDeploymentPostprocessing = 0;
		};
/* End PBXResourcesBuildPhase section */

/* Begin PBXSourcesBuildPhase section */
		2329867A21C1DB7600BBF93D /* Sources */ = {
			isa = PBXSourcesBuildPhase;
			buildActionMask = 2147483647;
			files = (
				230177B82221F3010073EC00 /* SettingsController.swift in Sources */,
				2329869E21C1DF0900BBF93D /* Protocols.swift in Sources */,
				232986A021C1E64800BBF93D /* MenuOptionCell.swift in Sources */,
				232986A621C1EF1C00BBF93D /* MenuOption.swift in Sources */,
				2329869C21C1DBBF00BBF93D /* MenuController.swift in Sources */,
				2329869A21C1DBB700BBF93D /* HomeController.swift in Sources */,
				2329868221C1DB7600BBF93D /* AppDelegate.swift in Sources */,
				2329869821C1DBAE00BBF93D /* ContainerController.swift in Sources */,
			);
			runOnlyForDeploymentPostprocessing = 0;
		};
/* End PBXSourcesBuildPhase section */

/* Begin PBXVariantGroup section */
		2329868521C1DB7600BBF93D /* Main.storyboard */ = {
			isa = PBXVariantGroup;
			children = (
				2329868621C1DB7600BBF93D /* Base */,
			);
			name = Main.storyboard;
			sourceTree = "<group>";
		};
		2329868A21C1DB7700BBF93D /* LaunchScreen.storyboard */ = {
			isa = PBXVariantGroup;
			children = (
				2329868B21C1DB7700BBF93D /* Base */,
			);
			name = LaunchScreen.storyboard;
			sourceTree = "<group>";
		};
/* End PBXVariantGroup section */

/* Begin XCBuildConfiguration section */
		2329868E21C1DB7700BBF93D /* Debug */ = {
			isa = XCBuildConfiguration;
			buildSettings = {
				ALWAYS_SEARCH_USER_PATHS = NO;
				CLANG_ANALYZER_NONNULL = YES;
				CLANG_ANALYZER_NUMBER_OBJECT_CONVERSION = YES_AGGRESSIVE;
				CLANG_CXX_LANGUAGE_STANDARD = "gnu++14";
				CLANG_CXX_LIBRARY = "libc++";
				CLANG_ENABLE_MODULES = YES;
				CLANG_ENABLE_OBJC_ARC = YES;
				CLANG_ENABLE_OBJC_WEAK = YES;
				CLANG_WARN_BLOCK_CAPTURE_AUTORELEASING = YES;
				CLANG_WARN_BOOL_CONVERSION = YES;
				CLANG_WARN_COMMA = YES;
				CLANG_WARN_CONSTANT_CONVERSION = YES;
				CLANG_WARN_DEPRECATED_OBJC_IMPLEMENTATIONS = YES;
				CLANG_WARN_DIRECT_OBJC_ISA_USAGE = YES_ERROR;
				CLANG_WARN_DOCUMENTATION_COMMENTS = YES;
				CLANG_WARN_EMPTY_BODY = YES;
				CLANG_WARN_ENUM_CONVERSION = YES;
				CLANG_WARN_INFINITE_RECURSION = YES;
				CLANG_WARN_INT_CONVERSION = YES;
				CLANG_WARN_NON_LITERAL_NULL_CONVERSION = YES;
				CLANG_WARN_OBJC_IMPLICIT_RETAIN_SELF = YES;
				CLANG_WARN_OBJC_LITERAL_CONVERSION = YES;
				CLANG_WARN_OBJC_ROOT_CLASS = YES_ERROR;
				CLANG_WARN_RANGE_LOOP_ANALYSIS = YES;
				CLANG_WARN_STRICT_PROTOTYPES = YES;
				CLANG_WARN_SUSPICIOUS_MOVE = YES;
				CLANG_WARN_UNGUARDED_AVAILABILITY = YES_AGGRESSIVE;
				CLANG_WARN_UNREACHABLE_CODE = YES;
				CLANG_WARN__DUPLICATE_METHOD_MATCH = YES;
				CODE_SIGN_IDENTITY = "iPhone Developer";
				COPY_PHASE_STRIP = NO;
				DEBUG_INFORMATION_FORMAT = dwarf;
				ENABLE_STRICT_OBJC_MSGSEND = YES;
				ENABLE_TESTABILITY = YES;
				GCC_C_LANGUAGE_STANDARD = gnu11;
				GCC_DYNAMIC_NO_PIC = NO;
				GCC_NO_COMMON_BLOCKS = YES;
				GCC_OPTIMIZATION_LEVEL = 0;
				GCC_PREPROCESSOR_DEFINITIONS = (
					"DEBUG=1",
					"$(inherited)",
				);
				GCC_WARN_64_TO_32_BIT_CONVERSION = YES;
				GCC_WARN_ABOUT_RETURN_TYPE = YES_ERROR;
				GCC_WARN_UNDECLARED_SELECTOR = YES;
				GCC_WARN_UNINITIALIZED_AUTOS = YES_AGGRESSIVE;
				GCC_WARN_UNUSED_FUNCTION = YES;
				GCC_WARN_UNUSED_VARIABLE = YES;
				IPHONEOS_DEPLOYMENT_TARGET = 12.0;
				MTL_ENABLE_DEBUG_INFO = INCLUDE_SOURCE;
				MTL_FAST_MATH = YES;
				ONLY_ACTIVE_ARCH = YES;
				SDKROOT = iphoneos;
				SWIFT_ACTIVE_COMPILATION_CONDITIONS = DEBUG;
				SWIFT_OPTIMIZATION_LEVEL = "-Onone";
			};
			name = Debug;
		};
		2329868F21C1DB7700BBF93D /* Release */ = {
			isa = XCBuildConfiguration;
			buildSettings = {
				ALWAYS_SEARCH_USER_PATHS = NO;
				CLANG_ANALYZER_NONNULL = YES;
				CLANG_ANALYZER_NUMBER_OBJECT_CONVERSION = YES_AGGRESSIVE;
				CLANG_CXX_LANGUAGE_STANDARD = "gnu++14";
				CLANG_CXX_LIBRARY = "libc++";
				CLANG_ENABLE_MODULES = YES;
				CLANG_ENABLE_OBJC_ARC = YES;
				CLANG_ENABLE_OBJC_WEAK = YES;
				CLANG_WARN_BLOCK_CAPTURE_AUTORELEASING = YES;
				CLANG_WARN_BOOL_CONVERSION = YES;
				CLANG_WARN_COMMA = YES;
				CLANG_WARN_CONSTANT_CONVERSION = YES;
				CLANG_WARN_DEPRECATED_OBJC_IMPLEMENTATIONS = YES;
				CLANG_WARN_DIRECT_OBJC_ISA_USAGE = YES_ERROR;
				CLANG_WARN_DOCUMENTATION_COMMENTS = YES;
				CLANG_WARN_EMPTY_BODY = YES;
				CLANG_WARN_ENUM_CONVERSION = YES;
				CLANG_WARN_INFINITE_RECURSION = YES;
				CLANG_WARN_INT_CONVERSION = YES;
				CLANG_WARN_NON_LITERAL_NULL_CONVERSION = YES;
				CLANG_WARN_OBJC_IMPLICIT_RETAIN_SELF = YES;
				CLANG_WARN_OBJC_LITERAL_CONVERSION = YES;
				CLANG_WARN_OBJC_ROOT_CLASS = YES_ERROR;
				CLANG_WARN_RANGE_LOOP_ANALYSIS = YES;
				CLANG_WARN_STRICT_PROTOTYPES = YES;
				CLANG_WARN_SUSPICIOUS_MOVE = YES;
				CLANG_WARN_UNGUARDED_AVAILABILITY = YES_AGGRESSIVE;
				CLANG_WARN_UNREACHABLE_CODE = YES;
				CLANG_WARN__DUPLICATE_METHOD_MATCH = YES;
				CODE_SIGN_IDENTITY = "iPhone Developer";
				COPY_PHASE_STRIP = NO;
				DEBUG_INFORMATION_FORMAT = "dwarf-with-dsym";
				ENABLE_NS_ASSERTIONS = NO;
				ENABLE_STRICT_OBJC_MSGSEND = YES;
				GCC_C_LANGUAGE_STANDARD = gnu11;
				GCC_NO_COMMON_BLOCKS = YES;
				GCC_WARN_64_TO_32_BIT_CONVERSION = YES;
				GCC_WARN_ABOUT_RETURN_TYPE = YES_ERROR;
				GCC_WARN_UNDECLARED_SELECTOR = YES;
				GCC_WARN_UNINITIALIZED_AUTOS = YES_AGGRESSIVE;
				GCC_WARN_UNUSED_FUNCTION = YES;
				GCC_WARN_UNUSED_VARIABLE = YES;
				IPHONEOS_DEPLOYMENT_TARGET = 12.0;
				MTL_ENABLE_DEBUG_INFO = NO;
				MTL_FAST_MATH = YES;
				SDKROOT = iphoneos;
				SWIFT_COMPILATION_MODE = wholemodule;
				SWIFT_OPTIMIZATION_LEVEL = "-O";
				VALIDATE_PRODUCT = YES;
			};
			name = Release;
		};
		2329869121C1DB7700BBF93D /* Debug */ = {
			isa = XCBuildConfiguration;
			buildSettings = {
				ASSETCATALOG_COMPILER_APPICON_NAME = AppIcon;
				CODE_SIGN_STYLE = Automatic;
				DEVELOPMENT_TEAM = LF78THV97C;
				INFOPLIST_FILE = SideMenuTutorial/Info.plist;
				LD_RUNPATH_SEARCH_PATHS = (
					"$(inherited)",
					"@executable_path/Frameworks",
				);
				PRODUCT_BUNDLE_IDENTIFIER = com.stephandowless.SideMenuTutorial;
				PRODUCT_NAME = "$(TARGET_NAME)";
				SWIFT_VERSION = 4.2;
				TARGETED_DEVICE_FAMILY = "1,2";
			};
			name = Debug;
		};
		2329869221C1DB7700BBF93D /* Release */ = {
			isa = XCBuildConfiguration;
			buildSettings = {
				ASSETCATALOG_COMPILER_APPICON_NAME = AppIcon;
				CODE_SIGN_STYLE = Automatic;
				DEVELOPMENT_TEAM = LF78THV97C;
				INFOPLIST_FILE = SideMenuTutorial/Info.plist;
				LD_RUNPATH_SEARCH_PATHS = (
					"$(inherited)",
					"@executable_path/Frameworks",
				);
				PRODUCT_BUNDLE_IDENTIFIER = com.stephandowless.SideMenuTutorial;
				PRODUCT_NAME = "$(TARGET_NAME)";
				SWIFT_VERSION = 4.2;
				TARGETED_DEVICE_FAMILY = "1,2";
			};
			name = Release;
		};
/* End XCBuildConfiguration section */

/* Begin XCConfigurationList section */
		2329867921C1DB7600BBF93D /* Build configuration list for PBXProject "SideMenuTutorial" */ = {
			isa = XCConfigurationList;
			buildConfigurations = (
				2329868E21C1DB7700BBF93D /* Debug */,
				2329868F21C1DB7700BBF93D /* Release */,
			);
			defaultConfigurationIsVisible = 0;
			defaultConfigurationName = Release;
		};
		2329869021C1DB7700BBF93D /* Build configuration list for PBXNativeTarget "SideMenuTutorial" */ = {
			isa = XCConfigurationList;
			buildConfigurations = (
				2329869121C1DB7700BBF93D /* Debug */,
				2329869221C1DB7700BBF93D /* Release */,
			);
			defaultConfigurationIsVisible = 0;
			defaultConfigurationName = Release;
		};
/* End XCConfigurationList section */
	};
	rootObject = 2329867621C1DB7600BBF93D /* Project object */;
}
